hash: 7a6edd78e111177792851c2f1ebad8d151c82c2239a4e9f70dca3d1dc7720dbf
updated: 2017-07-16T02:06:24.074681808+09:00
imports:
- name: github.com/hapoon/gomu
  version: d736a3ffcccc449d7caf6d275f35d67ff566aa97
- name: github.com/stretchr/testify
  version: 69483b4bd14f5845b5a1e55bca19e954e827f1d0
  subpackages:
  - assert
testImports:
- name: github.com/davecgh/go-spew
  version: 6d212800a42e8ab5c146b8ace3490ee17e5225f9
  subpackages:
  - spew
- name: github.com/pmezard/go-difflib
  version: d8ed2627bdf02c080bf22230dbb337003b7aba2d
  subpackages:
  - difflib
